<?xml version="1.0" encoding="utf-8"?>
<Project ToolsVersion="4.0" xmlns="http://schemas.microsoft.com/developer/msbuild/2003">
  <ItemGroup>
    <Filter Include="XML">
      <UniqueIdentifier>{9a03ff9e-a19e-488b-9997-a897f02c6790}</UniqueIdentifier>
    </Filter>
    <Filter Include="Infrastructure">
      <UniqueIdentifier>{1f468556-34c7-44d4-a67b-2d386f231368}</UniqueIdentifier>
    </Filter>
    <Filter Include="XML\Sec">
      <UniqueIdentifier>{127fded5-38ba-41d7-8402-cf07e89c3167}</UniqueIdentifier>
    </Filter>
    <Filter Include="Win">
      <UniqueIdentifier>{b586a9ec-908a-422f-b81d-47d36bc8613a}</UniqueIdentifier>
    </Filter>
  </ItemGroup>
  <ItemGroup>
    <ClInclude Include="XML\XmlDoc.h">
      <Filter>XML</Filter>
    </ClInclude>
    <ClInclude Include="XML\XmlPlatform.h">
      <Filter>XML</Filter>
    </ClInclude>
    <ClInclude Include="NonCopyable.hpp" />
    <ClInclude Include="stdafx.h">
      <Filter>Infrastructure</Filter>
    </ClInclude>
    <ClInclude Include="XML\Xml.hpp">
      <Filter>XML</Filter>
    </ClInclude>
    <ClInclude Include="XML\XmlElement.h">
      <Filter>XML</Filter>
    </ClInclude>
    <ClInclude Include="XML\XercesString.h">
      <Filter>XML</Filter>
    </ClInclude>
    <ClInclude Include="XML\XmlAttribute.h">
      <Filter>XML</Filter>
    </ClInclude>
    <ClInclude Include="XML\XmlNode.h">
      <Filter>XML</Filter>
    </ClInclude>
    <ClInclude Include="XML\XmlDependencies.hpp">
      <Filter>XML</Filter>
    </ClInclude>
    <ClInclude Include="XML\Sec\X509Cert.h">
      <Filter>XML\Sec</Filter>
    </ClInclude>
    <ClInclude Include="Text.h" />
    <ClInclude Include="XML\Sec\RsaKey.h">
      <Filter>XML\Sec</Filter>
    </ClInclude>
    <ClInclude Include="XML\XmlSecPlatform.h">
      <Filter>XML</Filter>
    </ClInclude>
    <ClInclude Include="XML\XmlSignature.h">
      <Filter>XML</Filter>
    </ClInclude>
    <ClInclude Include="XML\Sec\Key.h">
      <Filter>XML\Sec</Filter>
    </ClInclude>
    <ClInclude Include="Url.h" />
    <ClInclude Include="NameValuePair.h" />
    <ClInclude Include="SplitedString.h" />
    <ClInclude Include="Win\Dll.h">
      <Filter>Win</Filter>
    </ClInclude>
    <ClInclude Include="Win\Function.hpp">
      <Filter>Win</Filter>
    </ClInclude>
  </ItemGroup>
  <ItemGroup>
    <ClCompile Include="XML\XmlPlatform.cpp">
      <Filter>XML</Filter>
    </ClCompile>
    <ClCompile Include="stdafx.cpp">
      <Filter>Infrastructure</Filter>
    </ClCompile>
    <ClCompile Include="XML\XmlDoc.cpp">
      <Filter>XML</Filter>
    </ClCompile>
    <ClCompile Include="XML\XmlElement.cpp">
      <Filter>XML</Filter>
    </ClCompile>
    <ClCompile Include="XML\XercesString.cpp">
      <Filter>XML</Filter>
    </ClCompile>
    <ClCompile Include="XML\XmlAttribute.cpp">
      <Filter>XML</Filter>
    </ClCompile>
    <ClCompile Include="XML\XmlNode.cpp">
      <Filter>XML</Filter>
    </ClCompile>
    <ClCompile Include="XML\Sec\X509Cert.cpp">
      <Filter>XML\Sec</Filter>
    </ClCompile>
    <ClCompile Include="Text.cpp" />
    <ClCompile Include="XML\Sec\RsaKey.cpp">
      <Filter>XML\Sec</Filter>
    </ClCompile>
    <ClCompile Include="XML\XmlSecPlatform.cpp">
      <Filter>XML</Filter>
    </ClCompile>
    <ClCompile Include="XML\XmlSignature.cpp">
      <Filter>XML</Filter>
    </ClCompile>
    <ClCompile Include="XML\Sec\Key.cpp">
      <Filter>XML\Sec</Filter>
    </ClCompile>
    <ClCompile Include="Url.cpp" />
    <ClCompile Include="NameValuePair.cpp" />
    <ClCompile Include="SplitedString.cpp" />
    <ClCompile Include="Win\Dll.cpp">
      <Filter>Win</Filter>
    </ClCompile>
  </ItemGroup>
</Project>